
Microsoft Visual Studio Solution File, Format Version 12.00
# Visual Studio Version 17
VisualStudioVersion = 17.4.32916.344
MinimumVisualStudioVersion = 10.0.40219.1
Project("{FAE04EC0-301F-11D3-BF4B-00C04F79EFBC}") = "AutoClicker", "AutoClicker.csproj", "{7CAF36A3-5FC0-4548-9FB5-566BC0F85672}"
EndProject
Global
	GlobalSection(SolutionConfigurationPlatforms) = preSolution
		Debug|Any CPU = Debug|Any CPU
		Release|Any CPU = Release|Any CPU
	EndGlobalSection
	GlobalSection(ProjectConfigurationPlatforms) = postSolution
		{7CAF36A3-5FC0-4548-9FB5-566BC0F85672}.Debug|Any CPU.ActiveCfg = Debug|Any CPU
		{7CAF36A3-5FC0-4548-9FB5-566BC0F85672}.Debug|Any CPU.Build.0 = Debug|Any CPU
		{7CAF36A3-5FC0-4548-9FB5-566BC0F85672}.Release|Any CPU.ActiveCfg = Release|Any CPU
		{7CAF36A3-5FC0-4548-9FB5-566BC0F85672}.Release|Any CPU.Build.0 = Release|Any CPU
	EndGlobalSection
	GlobalSection(SolutionProperties) = preSolution
		HideSolutionNode = FALSE
	EndGlobalSection
	GlobalSection(ExtensibilityGlobals) = postSolution
		SolutionGuid = {DCA291CC-53D7-42DA-97CA-46F6D8C0DB18}
	EndGlobalSection
EndGlobal
